// !$*UTF8*$!
{
	archiveVersion = 1;
	classes = {
	};
	objectVersion = 46;
	objects = {

/* Begin PBXBuildFile section */
		FBC64D39187484DF00970F5D /* Foundation.framework in Frameworks */ = {isa = PBXBuildFile; fileRef = FBC64D38187484DF00970F5D /* Foundation.framework */; };
		FBC64D3E187484DF00970F5D /* RNPinnedCertValidator.h in CopyFiles */ = {isa = PBXBuildFile; fileRef = FBC64D3D187484DF00970F5D /* RNPinnedCertValidator.h */; };
		FBC64D40187484DF00970F5D /* RNPinnedCertValidator.m in Sources */ = {isa = PBXBuildFile; fileRef = FBC64D3F187484DF00970F5D /* RNPinnedCertValidator.m */; };
		FBC64D47187484DF00970F5D /* XCTest.framework in Frameworks */ = {isa = PBXBuildFile; fileRef = FBC64D46187484DF00970F5D /* XCTest.framework */; };
		FBC64D48187484DF00970F5D /* Foundation.framework in Frameworks */ = {isa = PBXBuildFile; fileRef = FBC64D38187484DF00970F5D /* Foundation.framework */; };
		FBC64D4A187484DF00970F5D /* UIKit.framework in Frameworks */ = {isa = PBXBuildFile; fileRef = FBC64D49187484DF00970F5D /* UIKit.framework */; };
		FBC64D4D187484DF00970F5D /* libRNPinnedCertValidator.a in Frameworks */ = {isa = PBXBuildFile; fileRef = FBC64D35187484DF00970F5D /* libRNPinnedCertValidator.a */; };
		FBC64D53187484DF00970F5D /* InfoPlist.strings in Resources */ = {isa = PBXBuildFile; fileRef = FBC64D51187484DF00970F5D /* InfoPlist.strings */; };
		FBC64D55187484DF00970F5D /* RNPinnedCertValidatorTests.m in Sources */ = {isa = PBXBuildFile; fileRef = FBC64D54187484DF00970F5D /* RNPinnedCertValidatorTests.m */; };
		FBC64D5F187485AB00970F5D /* www.example.com-Expired.cer in Resources */ = {isa = PBXBuildFile; fileRef = FBC64D5E187485AB00970F5D /* www.example.com-Expired.cer */; };
		FBC64D611874867000970F5D /* www.example.com.cer in Resources */ = {isa = PBXBuildFile; fileRef = FBC64D601874867000970F5D /* www.example.com.cer */; };
		FBC64D9F1874965B00970F5D /* Foundation.framework in Frameworks */ = {isa = PBXBuildFile; fileRef = FBC64D38187484DF00970F5D /* Foundation.framework */; };
		FBC64DA01874965B00970F5D /* CoreGraphics.framework in Frameworks */ = {isa = PBXBuildFile; fileRef = FBC64D681874962400970F5D /* CoreGraphics.framework */; };
		FBC64DA11874965B00970F5D /* UIKit.framework in Frameworks */ = {isa = PBXBuildFile; fileRef = FBC64D49187484DF00970F5D /* UIKit.framework */; };
		FBC64DA71874965B00970F5D /* InfoPlist.strings in Resources */ = {isa = PBXBuildFile; fileRef = FBC64DA51874965B00970F5D /* InfoPlist.strings */; };
		FBC64DA91874965B00970F5D /* main.m in Sources */ = {isa = PBXBuildFile; fileRef = FBC64DA81874965B00970F5D /* main.m */; };
		FBC64DAD1874965B00970F5D /* RNAppDelegate.m in Sources */ = {isa = PBXBuildFile; fileRef = FBC64DAC1874965B00970F5D /* RNAppDelegate.m */; };
		FBC64DB01874965B00970F5D /* Main.storyboard in Resources */ = {isa = PBXBuildFile; fileRef = FBC64DAE1874965B00970F5D /* Main.storyboard */; };
		FBC64DB31874965B00970F5D /* RNViewController.m in Sources */ = {isa = PBXBuildFile; fileRef = FBC64DB21874965B00970F5D /* RNViewController.m */; };
		FBC64DB51874965B00970F5D /* Images.xcassets in Resources */ = {isa = PBXBuildFile; fileRef = FBC64DB41874965B00970F5D /* Images.xcassets */; };
		FBC64DCF1874993900970F5D /* www.example.com.cer in Resources */ = {isa = PBXBuildFile; fileRef = FBC64DCE1874993900970F5D /* www.example.com.cer */; };
		FBC64DD01874996D00970F5D /* RNPinnedCertValidator.m in Sources */ = {isa = PBXBuildFile; fileRef = FBC64D3F187484DF00970F5D /* RNPinnedCertValidator.m */; };
		FBC64DD218749ABE00970F5D /* www.google.com.cer in Resources */ = {isa = PBXBuildFile; fileRef = FBC64DD118749ABE00970F5D /* www.google.com.cer */; };
		FBC64DD41874A34600970F5D /* www.google.com.cer in Resources */ = {isa = PBXBuildFile; fileRef = FBC64DD31874A34600970F5D /* www.google.com.cer */; };
		FBC64DD61874A65500970F5D /* www.example.com-CA.cer in Resources */ = {isa = PBXBuildFile; fileRef = FBC64DD51874A65500970F5D /* www.example.com-CA.cer */; };
		FBC64DD81874A6B300970F5D /* CA.cer in Resources */ = {isa = PBXBuildFile; fileRef = FBC64DD71874A6B300970F5D /* CA.cer */; };
/* End PBXBuildFile section */

/* Begin PBXContainerItemProxy section */
		FBC64D4B187484DF00970F5D /* PBXContainerItemProxy */ = {
			isa = PBXContainerItemProxy;
			containerPortal = FBC64D2D187484DF00970F5D /* Project object */;
			proxyType = 1;
			remoteGlobalIDString = FBC64D34187484DF00970F5D;
			remoteInfo = RNPinnedCertValidator;
		};
/* End PBXContainerItemProxy section */

/* Begin PBXCopyFilesBuildPhase section */
		FBC64D33187484DF00970F5D /* CopyFiles */ = {
			isa = PBXCopyFilesBuildPhase;
			buildActionMask = 2147483647;
			dstPath = "include/$(PRODUCT_NAME)";
			dstSubfolderSpec = 16;
			files = (
				FBC64D3E187484DF00970F5D /* RNPinnedCertValidator.h in CopyFiles */,
			);
			runOnlyForDeploymentPostprocessing = 0;
		};
/* End PBXCopyFilesBuildPhase section */

/* Begin PBXFileReference section */
		FBC64D35187484DF00970F5D /* libRNPinnedCertValidator.a */ = {isa = PBXFileReference; explicitFileType = archive.ar; includeInIndex = 0; path = libRNPinnedCertValidator.a; sourceTree = BUILT_PRODUCTS_DIR; };
		FBC64D38187484DF00970F5D /* Foundation.framework */ = {isa = PBXFileReference; lastKnownFileType = wrapper.framework; name = Foundation.framework; path = System/Library/Frameworks/Foundation.framework; sourceTree = SDKROOT; };
		FBC64D3C187484DF00970F5D /* RNPinnedCertValidator-Prefix.pch */ = {isa = PBXFileReference; lastKnownFileType = sourcecode.c.h; path = "RNPinnedCertValidator-Prefix.pch"; sourceTree = "<group>"; };
		FBC64D3D187484DF00970F5D /* RNPinnedCertValidator.h */ = {isa = PBXFileReference; lastKnownFileType = sourcecode.c.h; path = RNPinnedCertValidator.h; sourceTree = "<group>"; };
		FBC64D3F187484DF00970F5D /* RNPinnedCertValidator.m */ = {isa = PBXFileReference; lastKnownFileType = sourcecode.c.objc; path = RNPinnedCertValidator.m; sourceTree = "<group>"; };
		FBC64D45187484DF00970F5D /* RNPinnedCertValidatorTests.xctest */ = {isa = PBXFileReference; explicitFileType = wrapper.cfbundle; includeInIndex = 0; path = RNPinnedCertValidatorTests.xctest; sourceTree = BUILT_PRODUCTS_DIR; };
		FBC64D46187484DF00970F5D /* XCTest.framework */ = {isa = PBXFileReference; lastKnownFileType = wrapper.framework; name = XCTest.framework; path = Library/Frameworks/XCTest.framework; sourceTree = DEVELOPER_DIR; };
		FBC64D49187484DF00970F5D /* UIKit.framework */ = {isa = PBXFileReference; lastKnownFileType = wrapper.framework; name = UIKit.framework; path = Library/Frameworks/UIKit.framework; sourceTree = DEVELOPER_DIR; };
		FBC64D50187484DF00970F5D /* RNPinnedCertValidatorTests-Info.plist */ = {isa = PBXFileReference; lastKnownFileType = text.plist.xml; path = "RNPinnedCertValidatorTests-Info.plist"; sourceTree = "<group>"; };
		FBC64D52187484DF00970F5D /* en */ = {isa = PBXFileReference; lastKnownFileType = text.plist.strings; name = en; path = en.lproj/InfoPlist.strings; sourceTree = "<group>"; };
		FBC64D54187484DF00970F5D /* RNPinnedCertValidatorTests.m */ = {isa = PBXFileReference; lastKnownFileType = sourcecode.c.objc; path = RNPinnedCertValidatorTests.m; sourceTree = "<group>"; };
		FBC64D5E187485AB00970F5D /* www.example.com-Expired.cer */ = {isa = PBXFileReference; lastKnownFileType = file; path = "www.example.com-Expired.cer"; sourceTree = "<group>"; };
		FBC64D601874867000970F5D /* www.example.com.cer */ = {isa = PBXFileReference; lastKnownFileType = file; path = www.example.com.cer; sourceTree = "<group>"; };
		FBC64D681874962400970F5D /* CoreGraphics.framework */ = {isa = PBXFileReference; lastKnownFileType = wrapper.framework; name = CoreGraphics.framework; path = System/Library/Frameworks/CoreGraphics.framework; sourceTree = SDKROOT; };
		FBC64D9E1874965B00970F5D /* PinnedCertExample.app */ = {isa = PBXFileReference; explicitFileType = wrapper.application; includeInIndex = 0; path = PinnedCertExample.app; sourceTree = BUILT_PRODUCTS_DIR; };
		FBC64DA41874965B00970F5D /* PinnedCertExample-Info.plist */ = {isa = PBXFileReference; lastKnownFileType = text.plist.xml; path = "PinnedCertExample-Info.plist"; sourceTree = "<group>"; };
		FBC64DA61874965B00970F5D /* en */ = {isa = PBXFileReference; lastKnownFileType = text.plist.strings; name = en; path = en.lproj/InfoPlist.strings; sourceTree = "<group>"; };
		FBC64DA81874965B00970F5D /* main.m */ = {isa = PBXFileReference; lastKnownFileType = sourcecode.c.objc; path = main.m; sourceTree = "<group>"; };
		FBC64DAA1874965B00970F5D /* PinnedCertExample-Prefix.pch */ = {isa = PBXFileReference; lastKnownFileType = sourcecode.c.h; path = "PinnedCertExample-Prefix.pch"; sourceTree = "<group>"; };
		FBC64DAB1874965B00970F5D /* RNAppDelegate.h */ = {isa = PBXFileReference; lastKnownFileType = sourcecode.c.h; path = RNAppDelegate.h; sourceTree = "<group>"; };
		FBC64DAC1874965B00970F5D /* RNAppDelegate.m */ = {isa = PBXFileReference; lastKnownFileType = sourcecode.c.objc; path = RNAppDelegate.m; sourceTree = "<group>"; };
		FBC64DAF1874965B00970F5D /* Base */ = {isa = PBXFileReference; lastKnownFileType = file.storyboard; name = Base; path = Base.lproj/Main.storyboard; sourceTree = "<group>"; };
		FBC64DB11874965B00970F5D /* RNViewController.h */ = {isa = PBXFileReference; lastKnownFileType = sourcecode.c.h; path = RNViewController.h; sourceTree = "<group>"; };
		FBC64DB21874965B00970F5D /* RNViewController.m */ = {isa = PBXFileReference; lastKnownFileType = sourcecode.c.objc; path = RNViewController.m; sourceTree = "<group>"; };
		FBC64DB41874965B00970F5D /* Images.xcassets */ = {isa = PBXFileReference; lastKnownFileType = folder.assetcatalog; path = Images.xcassets; sourceTree = "<group>"; };
		FBC64DCE1874993900970F5D /* www.example.com.cer */ = {isa = PBXFileReference; lastKnownFileType = file; path = www.example.com.cer; sourceTree = "<group>"; };
		FBC64DD118749ABE00970F5D /* www.google.com.cer */ = {isa = PBXFileReference; lastKnownFileType = file; path = www.google.com.cer; sourceTree = "<group>"; };
		FBC64DD31874A34600970F5D /* www.google.com.cer */ = {isa = PBXFileReference; lastKnownFileType = file; path = www.google.com.cer; sourceTree = "<group>"; };
		FBC64DD51874A65500970F5D /* www.example.com-CA.cer */ = {isa = PBXFileReference; lastKnownFileType = file; path = "www.example.com-CA.cer"; sourceTree = "<group>"; };
		FBC64DD71874A6B300970F5D /* CA.cer */ = {isa = PBXFileReference; lastKnownFileType = file; path = CA.cer; sourceTree = "<group>"; };
/* End PBXFileReference section */

/* Begin PBXFrameworksBuildPhase section */
		FBC64D32187484DF00970F5D /* Frameworks */ = {
			isa = PBXFrameworksBuildPhase;
			buildActionMask = 2147483647;
			files = (
				FBC64D39187484DF00970F5D /* Foundation.framework in Frameworks */,
			);
			runOnlyForDeploymentPostprocessing = 0;
		};
		FBC64D42187484DF00970F5D /* Frameworks */ = {
			isa = PBXFrameworksBuildPhase;
			buildActionMask = 2147483647;
			files = (
				FBC64D47187484DF00970F5D /* XCTest.framework in Frameworks */,
				FBC64D4A187484DF00970F5D /* UIKit.framework in Frameworks */,
				FBC64D4D187484DF00970F5D /* libRNPinnedCertValidator.a in Frameworks */,
				FBC64D48187484DF00970F5D /* Foundation.framework in Frameworks */,
			);
			runOnlyForDeploymentPostprocessing = 0;
		};
		FBC64D9B1874965B00970F5D /* Frameworks */ = {
			isa = PBXFrameworksBuildPhase;
			buildActionMask = 2147483647;
			files = (
				FBC64DA01874965B00970F5D /* CoreGraphics.framework in Frameworks */,
				FBC64DA11874965B00970F5D /* UIKit.framework in Frameworks */,
				FBC64D9F1874965B00970F5D /* Foundation.framework in Frameworks */,
			);
			runOnlyForDeploymentPostprocessing = 0;
		};
/* End PBXFrameworksBuildPhase section */

/* Begin PBXGroup section */
		FBC64D2C187484DF00970F5D = {
			isa = PBXGroup;
			children = (
				FBC64D3A187484DF00970F5D /* RNPinnedCertValidator */,
				FBC64D4E187484DF00970F5D /* RNPinnedCertValidatorTests */,
				FBC64DA21874965B00970F5D /* PinnedCertExample */,
				FBC64D37187484DF00970F5D /* Frameworks */,
				FBC64D36187484DF00970F5D /* Products */,
			);
			sourceTree = "<group>";
		};
		FBC64D36187484DF00970F5D /* Products */ = {
			isa = PBXGroup;
			children = (
				FBC64D35187484DF00970F5D /* libRNPinnedCertValidator.a */,
				FBC64D45187484DF00970F5D /* RNPinnedCertValidatorTests.xctest */,
				FBC64D9E1874965B00970F5D /* PinnedCertExample.app */,
			);
			name = Products;
			sourceTree = "<group>";
		};
		FBC64D37187484DF00970F5D /* Frameworks */ = {
			isa = PBXGroup;
			children = (
				FBC64D38187484DF00970F5D /* Foundation.framework */,
				FBC64D46187484DF00970F5D /* XCTest.framework */,
				FBC64D49187484DF00970F5D /* UIKit.framework */,
				FBC64D681874962400970F5D /* CoreGraphics.framework */,
			);
			name = Frameworks;
			sourceTree = "<group>";
		};
		FBC64D3A187484DF00970F5D /* RNPinnedCertValidator */ = {
			isa = PBXGroup;
			children = (
				FBC64D3D187484DF00970F5D /* RNPinnedCertValidator.h */,
				FBC64D3F187484DF00970F5D /* RNPinnedCertValidator.m */,
				FBC64D3B187484DF00970F5D /* Supporting Files */,
			);
			path = RNPinnedCertValidator;
			sourceTree = "<group>";
		};
		FBC64D3B187484DF00970F5D /* Supporting Files */ = {
			isa = PBXGroup;
			children = (
				FBC64D3C187484DF00970F5D /* RNPinnedCertValidator-Prefix.pch */,
			);
			name = "Supporting Files";
			sourceTree = "<group>";
		};
		FBC64D4E187484DF00970F5D /* RNPinnedCertValidatorTests */ = {
			isa = PBXGroup;
			children = (
				FBC64D54187484DF00970F5D /* RNPinnedCertValidatorTests.m */,
				FBC64D4F187484DF00970F5D /* Supporting Files */,
			);
			path = RNPinnedCertValidatorTests;
			sourceTree = "<group>";
		};
		FBC64D4F187484DF00970F5D /* Supporting Files */ = {
			isa = PBXGroup;
			children = (
				FBC64DD71874A6B300970F5D /* CA.cer */,
				FBC64DD31874A34600970F5D /* www.google.com.cer */,
				FBC64D601874867000970F5D /* www.example.com.cer */,
				FBC64D50187484DF00970F5D /* RNPinnedCertValidatorTests-Info.plist */,
				FBC64D51187484DF00970F5D /* InfoPlist.strings */,
				FBC64D5E187485AB00970F5D /* www.example.com-Expired.cer */,
				FBC64DD51874A65500970F5D /* www.example.com-CA.cer */,
			);
			name = "Supporting Files";
			sourceTree = "<group>";
		};
		FBC64DA21874965B00970F5D /* PinnedCertExample */ = {
			isa = PBXGroup;
			children = (
				FBC64DAB1874965B00970F5D /* RNAppDelegate.h */,
				FBC64DAC1874965B00970F5D /* RNAppDelegate.m */,
				FBC64DAE1874965B00970F5D /* Main.storyboard */,
				FBC64DB11874965B00970F5D /* RNViewController.h */,
				FBC64DB21874965B00970F5D /* RNViewController.m */,
				FBC64DB41874965B00970F5D /* Images.xcassets */,
				FBC64DA31874965B00970F5D /* Supporting Files */,
			);
			path = PinnedCertExample;
			sourceTree = "<group>";
		};
		FBC64DA31874965B00970F5D /* Supporting Files */ = {
			isa = PBXGroup;
			children = (
				FBC64DD118749ABE00970F5D /* www.google.com.cer */,
				FBC64DCE1874993900970F5D /* www.example.com.cer */,
				FBC64DA41874965B00970F5D /* PinnedCertExample-Info.plist */,
				FBC64DA51874965B00970F5D /* InfoPlist.strings */,
				FBC64DA81874965B00970F5D /* main.m */,
				FBC64DAA1874965B00970F5D /* PinnedCertExample-Prefix.pch */,
			);
			name = "Supporting Files";
			sourceTree = "<group>";
		};
/* End PBXGroup section */

/* Begin PBXNativeTarget section */
		FBC64D34187484DF00970F5D /* RNPinnedCertValidator */ = {
			isa = PBXNativeTarget;
			buildConfigurationList = FBC64D58187484DF00970F5D /* Build configuration list for PBXNativeTarget "RNPinnedCertValidator" */;
			buildPhases = (
				FBC64D31187484DF00970F5D /* Sources */,
				FBC64D32187484DF00970F5D /* Frameworks */,
				FBC64D33187484DF00970F5D /* CopyFiles */,
			);
			buildRules = (
			);
			dependencies = (
			);
			name = RNPinnedCertValidator;
			productName = RNPinnedCertValidator;
			productReference = FBC64D35187484DF00970F5D /* libRNPinnedCertValidator.a */;
			productType = "com.apple.product-type.library.static";
		};
		FBC64D44187484DF00970F5D /* RNPinnedCertValidatorTests */ = {
			isa = PBXNativeTarget;
			buildConfigurationList = FBC64D5B187484DF00970F5D /* Build configuration list for PBXNativeTarget "RNPinnedCertValidatorTests" */;
			buildPhases = (
				FBC64D41187484DF00970F5D /* Sources */,
				FBC64D42187484DF00970F5D /* Frameworks */,
				FBC64D43187484DF00970F5D /* Resources */,
			);
			buildRules = (
			);
			dependencies = (
				FBC64D4C187484DF00970F5D /* PBXTargetDependency */,
			);
			name = RNPinnedCertValidatorTests;
			productName = RNPinnedCertValidatorTests;
			productReference = FBC64D45187484DF00970F5D /* RNPinnedCertValidatorTests.xctest */;
			productType = "com.apple.product-type.bundle.unit-test";
		};
		FBC64D9D1874965B00970F5D /* PinnedCertExample */ = {
			isa = PBXNativeTarget;
			buildConfigurationList = FBC64DC81874965C00970F5D /* Build configuration list for PBXNativeTarget "PinnedCertExample" */;
			buildPhases = (
				FBC64D9A1874965B00970F5D /* Sources */,
				FBC64D9B1874965B00970F5D /* Frameworks */,
				FBC64D9C1874965B00970F5D /* Resources */,
			);
			buildRules = (
			);
			dependencies = (
			);
			name = PinnedCertExample;
			productName = PinnedCertExample;
			productReference = FBC64D9E1874965B00970F5D /* PinnedCertExample.app */;
			productType = "com.apple.product-type.application";
		};
/* End PBXNativeTarget section */

/* Begin PBXProject section */
		FBC64D2D187484DF00970F5D /* Project object */ = {
			isa = PBXProject;
			attributes = {
				LastUpgradeCheck = 0500;
				ORGANIZATIONNAME = "Rob Napier";
				TargetAttributes = {
					FBC64D44187484DF00970F5D = {
						TestTargetID = FBC64D9D1874965B00970F5D;
					};
				};
			};
			buildConfigurationList = FBC64D30187484DF00970F5D /* Build configuration list for PBXProject "RNPinnedCertValidator" */;
			compatibilityVersion = "Xcode 3.2";
			developmentRegion = English;
			hasScannedForEncodings = 0;
			knownRegions = (
				en,
				Base,
			);
			mainGroup = FBC64D2C187484DF00970F5D;
			productRefGroup = FBC64D36187484DF00970F5D /* Products */;
			projectDirPath = "";
			projectRoot = "";
			targets = (
				FBC64D34187484DF00970F5D /* RNPinnedCertValidator */,
				FBC64D44187484DF00970F5D /* RNPinnedCertValidatorTests */,
				FBC64D9D1874965B00970F5D /* PinnedCertExample */,
			);
		};
/* End PBXProject section */

/* Begin PBXResourcesBuildPhase section */
		FBC64D43187484DF00970F5D /* Resources */ = {
			isa = PBXResourcesBuildPhase;
			buildActionMask = 2147483647;
			files = (
				FBC64D53187484DF00970F5D /* InfoPlist.strings in Resources */,
				FBC64D611874867000970F5D /* www.example.com.cer in Resources */,
				FBC64DD81874A6B300970F5D /* CA.cer in Resources */,
				FBC64D5F187485AB00970F5D /* www.example.com-Expired.cer in Resources */,
				FBC64DD41874A34600970F5D /* www.google.com.cer in Resources */,
				FBC64DD61874A65500970F5D /* www.example.com-CA.cer in Resources */,
			);
			runOnlyForDeploymentPostprocessing = 0;
		};
		FBC64D9C1874965B00970F5D /* Resources */ = {
			isa = PBXResourcesBuildPhase;
			buildActionMask = 2147483647;
			files = (
				FBC64DB51874965B00970F5D /* Images.xcassets in Resources */,
				FBC64DA71874965B00970F5D /* InfoPlist.strings in Resources */,
				FBC64DB01874965B00970F5D /* Main.storyboard in Resources */,
				FBC64DD218749ABE00970F5D /* www.google.com.cer in Resources */,
				FBC64DCF1874993900970F5D /* www.example.com.cer in Resources */,
			);
			runOnlyForDeploymentPostprocessing = 0;
		};
/* End PBXResourcesBuildPhase section */

/* Begin PBXSourcesBuildPhase section */
		FBC64D31187484DF00970F5D /* Sources */ = {
			isa = PBXSourcesBuildPhase;
			buildActionMask = 2147483647;
			files = (
				FBC64D40187484DF00970F5D /* RNPinnedCertValidator.m in Sources */,
			);
			runOnlyForDeploymentPostprocessing = 0;
		};
		FBC64D41187484DF00970F5D /* Sources */ = {
			isa = PBXSourcesBuildPhase;
			buildActionMask = 2147483647;
			files = (
				FBC64D55187484DF00970F5D /* RNPinnedCertValidatorTests.m in Sources */,
			);
			runOnlyForDeploymentPostprocessing = 0;
		};
		FBC64D9A1874965B00970F5D /* Sources */ = {
			isa = PBXSourcesBuildPhase;
			buildActionMask = 2147483647;
			files = (
				FBC64DD01874996D00970F5D /* RNPinnedCertValidator.m in Sources */,
				FBC64DAD1874965B00970F5D /* RNAppDelegate.m in Sources */,
				FBC64DA91874965B00970F5D /* main.m in Sources */,
				FBC64DB31874965B00970F5D /* RNViewController.m in Sources */,
			);
			runOnlyForDeploymentPostprocessing = 0;
		};
/* End PBXSourcesBuildPhase section */

/* Begin PBXTargetDependency section */
		FBC64D4C187484DF00970F5D /* PBXTargetDependency */ = {
			isa = PBXTargetDependency;
			target = FBC64D34187484DF00970F5D /* RNPinnedCertValidator */;
			targetProxy = FBC64D4B187484DF00970F5D /* PBXContainerItemProxy */;
		};
/* End PBXTargetDependency section */

/* Begin PBXVariantGroup section */
		FBC64D51187484DF00970F5D /* InfoPlist.strings */ = {
			isa = PBXVariantGroup;
			children = (
				FBC64D52187484DF00970F5D /* en */,
			);
			name = InfoPlist.strings;
			sourceTree = "<group>";
		};
		FBC64DA51874965B00970F5D /* InfoPlist.strings */ = {
			isa = PBXVariantGroup;
			children = (
				FBC64DA61874965B00970F5D /* en */,
			);
			name = InfoPlist.strings;
			sourceTree = "<group>";
		};
		FBC64DAE1874965B00970F5D /* Main.storyboard */ = {
			isa = PBXVariantGroup;
			children = (
				FBC64DAF1874965B00970F5D /* Base */,
			);
			name = Main.storyboard;
			sourceTree = "<group>";
		};
/* End PBXVariantGroup section */

/* Begin XCBuildConfiguration section */
		FBC64D56187484DF00970F5D /* Debug */ = {
			isa = XCBuildConfiguration;
			buildSettings = {
				ALWAYS_SEARCH_USER_PATHS = NO;
				ARCHS = "$(ARCHS_STANDARD_INCLUDING_64_BIT)";
				CLANG_CXX_LANGUAGE_STANDARD = "gnu++0x";
				CLANG_CXX_LIBRARY = "libc++";
				CLANG_ENABLE_MODULES = YES;
				CLANG_ENABLE_OBJC_ARC = YES;
				CLANG_WARN_BOOL_CONVERSION = YES;
				CLANG_WARN_CONSTANT_CONVERSION = YES;
				CLANG_WARN_DIRECT_OBJC_ISA_USAGE = YES_ERROR;
				CLANG_WARN_EMPTY_BODY = YES;
				CLANG_WARN_ENUM_CONVERSION = YES;
				CLANG_WARN_INT_CONVERSION = YES;
				CLANG_WARN_OBJC_ROOT_CLASS = YES_ERROR;
				CLANG_WARN__DUPLICATE_METHOD_MATCH = YES;
				COPY_PHASE_STRIP = NO;
				GCC_C_LANGUAGE_STANDARD = gnu99;
				GCC_DYNAMIC_NO_PIC = NO;
				GCC_OPTIMIZATION_LEVEL = 0;
				GCC_PREPROCESSOR_DEFINITIONS = (
					"DEBUG=1",
					"$(inherited)",
				);
				GCC_SYMBOLS_PRIVATE_EXTERN = NO;
				GCC_WARN_64_TO_32_BIT_CONVERSION = YES;
				GCC_WARN_ABOUT_RETURN_TYPE = YES_ERROR;
				GCC_WARN_UNDECLARED_SELECTOR = YES;
				GCC_WARN_UNINITIALIZED_AUTOS = YES;
				GCC_WARN_UNUSED_FUNCTION = YES;
				GCC_WARN_UNUSED_VARIABLE = YES;
				IPHONEOS_DEPLOYMENT_TARGET = 7.0;
				ONLY_ACTIVE_ARCH = YES;
				SDKROOT = iphoneos;
			};
			name = Debug;
		};
		FBC64D57187484DF00970F5D /* Release */ = {
			isa = XCBuildConfiguration;
			buildSettings = {
				ALWAYS_SEARCH_USER_PATHS = NO;
				ARCHS = "$(ARCHS_STANDARD_INCLUDING_64_BIT)";
				CLANG_CXX_LANGUAGE_STANDARD = "gnu++0x";
				CLANG_CXX_LIBRARY = "libc++";
				CLANG_ENABLE_MODULES = YES;
				CLANG_ENABLE_OBJC_ARC = YES;
				CLANG_WARN_BOOL_CONVERSION = YES;
				CLANG_WARN_CONSTANT_CONVERSION = YES;
				CLANG_WARN_DIRECT_OBJC_ISA_USAGE = YES_ERROR;
				CLANG_WARN_EMPTY_BODY = YES;
				CLANG_WARN_ENUM_CONVERSION = YES;
				CLANG_WARN_INT_CONVERSION = YES;
				CLANG_WARN_OBJC_ROOT_CLASS = YES_ERROR;
				CLANG_WARN__DUPLICATE_METHOD_MATCH = YES;
				COPY_PHASE_STRIP = YES;
				ENABLE_NS_ASSERTIONS = NO;
				GCC_C_LANGUAGE_STANDARD = gnu99;
				GCC_WARN_64_TO_32_BIT_CONVERSION = YES;
				GCC_WARN_ABOUT_RETURN_TYPE = YES_ERROR;
				GCC_WARN_UNDECLARED_SELECTOR = YES;
				GCC_WARN_UNINITIALIZED_AUTOS = YES;
				GCC_WARN_UNUSED_FUNCTION = YES;
				GCC_WARN_UNUSED_VARIABLE = YES;
				IPHONEOS_DEPLOYMENT_TARGET = 7.0;
				SDKROOT = iphoneos;
				VALIDATE_PRODUCT = YES;
			};
			name = Release;
		};
		FBC64D59187484DF00970F5D /* Debug */ = {
			isa = XCBuildConfiguration;
			buildSettings = {
				DSTROOT = /tmp/RNPinnedCertValidator.dst;
				GCC_PRECOMPILE_PREFIX_HEADER = YES;
				GCC_PREFIX_HEADER = "RNPinnedCertValidator/RNPinnedCertValidator-Prefix.pch";
				OTHER_LDFLAGS = "-ObjC";
				PRODUCT_NAME = "$(TARGET_NAME)";
				SKIP_INSTALL = YES;
			};
			name = Debug;
		};
		FBC64D5A187484DF00970F5D /* Release */ = {
			isa = XCBuildConfiguration;
			buildSettings = {
				DSTROOT = /tmp/RNPinnedCertValidator.dst;
				GCC_PRECOMPILE_PREFIX_HEADER = YES;
				GCC_PREFIX_HEADER = "RNPinnedCertValidator/RNPinnedCertValidator-Prefix.pch";
				OTHER_LDFLAGS = "-ObjC";
				PRODUCT_NAME = "$(TARGET_NAME)";
				SKIP_INSTALL = YES;
			};
			name = Release;
		};
		FBC64D5C187484DF00970F5D /* Debug */ = {
			isa = XCBuildConfiguration;
			buildSettings = {
				ARCHS = "$(ARCHS_STANDARD_INCLUDING_64_BIT)";
				BUNDLE_LOADER = "$(BUILT_PRODUCTS_DIR)/PinnedCertExample.app/PinnedCertExample";
				FRAMEWORK_SEARCH_PATHS = (
					"$(SDKROOT)/Developer/Library/Frameworks",
					"$(inherited)",
					"$(DEVELOPER_FRAMEWORKS_DIR)",
				);
				GCC_PRECOMPILE_PREFIX_HEADER = YES;
				GCC_PREFIX_HEADER = "RNPinnedCertValidator/RNPinnedCertValidator-Prefix.pch";
				GCC_PREPROCESSOR_DEFINITIONS = (
					"DEBUG=1",
					"$(inherited)",
				);
				INFOPLIST_FILE = "RNPinnedCertValidatorTests/RNPinnedCertValidatorTests-Info.plist";
				PRODUCT_NAME = "$(TARGET_NAME)";
				TEST_HOST = "$(BUNDLE_LOADER)";
				WRAPPER_EXTENSION = xctest;
			};
			name = Debug;
		};
		FBC64D5D187484DF00970F5D /* Release */ = {
			isa = XCBuildConfiguration;
			buildSettings = {
				ARCHS = "$(ARCHS_STANDARD_INCLUDING_64_BIT)";
				BUNDLE_LOADER = "$(BUILT_PRODUCTS_DIR)/PinnedCertExample.app/PinnedCertExample";
				FRAMEWORK_SEARCH_PATHS = (
					"$(SDKROOT)/Developer/Library/Frameworks",
					"$(inherited)",
					"$(DEVELOPER_FRAMEWORKS_DIR)",
				);
				GCC_PRECOMPILE_PREFIX_HEADER = YES;
				GCC_PREFIX_HEADER = "RNPinnedCertValidator/RNPinnedCertValidator-Prefix.pch";
				INFOPLIST_FILE = "RNPinnedCertValidatorTests/RNPinnedCertValidatorTests-Info.plist";
				PRODUCT_NAME = "$(TARGET_NAME)";
				TEST_HOST = "$(BUNDLE_LOADER)";
				WRAPPER_EXTENSION = xctest;
			};
			name = Release;
		};
		FBC64DC91874965C00970F5D /* Debug */ = {
			isa = XCBuildConfiguration;
			buildSettings = {
				ARCHS = "$(ARCHS_STANDARD_INCLUDING_64_BIT)";
				ASSETCATALOG_COMPILER_APPICON_NAME = AppIcon;
				ASSETCATALOG_COMPILER_LAUNCHIMAGE_NAME = LaunchImage;
				"CODE_SIGN_IDENTITY[sdk=iphoneos*]" = "iPhone Developer";
				FRAMEWORK_SEARCH_PATHS = (
					"$(inherited)",
					"$(DEVELOPER_FRAMEWORKS_DIR)",
				);
				GCC_PRECOMPILE_PREFIX_HEADER = YES;
				GCC_PREFIX_HEADER = "PinnedCertExample/PinnedCertExample-Prefix.pch";
				GCC_PREPROCESSOR_DEFINITIONS = (
					"DEBUG=1",
					"$(inherited)",
				);
				INFOPLIST_FILE = "PinnedCertExample/PinnedCertExample-Info.plist";
				PRODUCT_NAME = "$(TARGET_NAME)";
				WRAPPER_EXTENSION = app;
			};
			name = Debug;
		};
		FBC64DCA1874965C00970F5D /* Release */ = {
			isa = XCBuildConfiguration;
			buildSettings = {
				ARCHS = "$(ARCHS_STANDARD_INCLUDING_64_BIT)";
				ASSETCATALOG_COMPILER_APPICON_NAME = AppIcon;
				ASSETCATALOG_COMPILER_LAUNCHIMAGE_NAME = LaunchImage;
				"CODE_SIGN_IDENTITY[sdk=iphoneos*]" = "iPhone Developer";
				FRAMEWORK_SEARCH_PATHS = (
					"$(inherited)",
					"$(DEVELOPER_FRAMEWORKS_DIR)",
				);
				GCC_PRECOMPILE_PREFIX_HEADER = YES;
				GCC_PREFIX_HEADER = "PinnedCertExample/PinnedCertExample-Prefix.pch";
				INFOPLIST_FILE = "PinnedCertExample/PinnedCertExample-Info.plist";
				PRODUCT_NAME = "$(TARGET_NAME)";
				WRAPPER_EXTENSION = app;
			};
			name = Release;
		};
/* End XCBuildConfiguration section */

/* Begin XCConfigurationList section */
		FBC64D30187484DF00970F5D /* Build configuration list for PBXProject "RNPinnedCertValidator" */ = {
			isa = XCConfigurationList;
			buildConfigurations = (
				FBC64D56187484DF00970F5D /* Debug */,
				FBC64D57187484DF00970F5D /* Release */,
			);
			defaultConfigurationIsVisible = 0;
			defaultConfigurationName = Release;
		};
		FBC64D58187484DF00970F5D /* Build configuration list for PBXNativeTarget "RNPinnedCertValidator" */ = {
			isa = XCConfigurationList;
			buildConfigurations = (
				FBC64D59187484DF00970F5D /* Debug */,
				FBC64D5A187484DF00970F5D /* Release */,
			);
			defaultConfigurationIsVisible = 0;
		};
		FBC64D5B187484DF00970F5D /* Build configuration list for PBXNativeTarget "RNPinnedCertValidatorTests" */ = {
			isa = XCConfigurationList;
			buildConfigurations = (
				FBC64D5C187484DF00970F5D /* Debug */,
				FBC64D5D187484DF00970F5D /* Release */,
			);
			defaultConfigurationIsVisible = 0;
		};
		FBC64DC81874965C00970F5D /* Build configuration list for PBXNativeTarget "PinnedCertExample" */ = {
			isa = XCConfigurationList;
			buildConfigurations = (
				FBC64DC91874965C00970F5D /* Debug */,
				FBC64DCA1874965C00970F5D /* Release */,
			);
			defaultConfigurationIsVisible = 0;
		};
/* End XCConfigurationList section */
	};
	rootObject = FBC64D2D187484DF00970F5D /* Project object */;
}
